
Microsoft Visual Studio Solution File, Format Version 11.00
# Visual Studio 2010
Project("{FAE04EC0-301F-11D3-BF4B-00C04F79EFBC}") = "myWindowsForms", "myWindowsForms\myWindowsForms.csproj", "{B9C93CB1-C1E6-4B45-8904-28EBA8B1858F}"
EndProject
Project("{2150E333-8FDC-42A3-9474-1A3956D46DE8}") = "ui", "ui", "{56F35587-8BF1-4B23-B011-E1C7B1D1468D}"
EndProject
Global
	GlobalSection(SolutionConfigurationPlatforms) = preSolution
		Debug|x86 = Debug|x86
		Release|x86 = Release|x86
	EndGlobalSection
	GlobalSection(ProjectConfigurationPlatforms) = postSolution
		{B9C93CB1-C1E6-4B45-8904-28EBA8B1858F}.Debug|x86.ActiveCfg = Debug|x86
		{B9C93CB1-C1E6-4B45-8904-28EBA8B1858F}.Debug|x86.Build.0 = Debug|x86
		{B9C93CB1-C1E6-4B45-8904-28EBA8B1858F}.Release|x86.ActiveCfg = Release|x86
		{B9C93CB1-C1E6-4B45-8904-28EBA8B1858F}.Release|x86.Build.0 = Release|x86
	EndGlobalSection
	GlobalSection(SolutionProperties) = preSolution
		HideSolutionNode = FALSE
	EndGlobalSection
	GlobalSection(NestedProjects) = preSolution
		{B9C93CB1-C1E6-4B45-8904-28EBA8B1858F} = {56F35587-8BF1-4B23-B011-E1C7B1D1468D}
	EndGlobalSection
EndGlobal
